// !$*UTF8*$!
{
	archiveVersion = 1;
	classes = {
	};
	objectVersion = 77;
	objects = {

/* Begin PBXBuildFile section */
		4357C6712E46451100AD4060 /* BitChatModel.xcdatamodeld in Sources */ = {isa = PBXBuildFile; fileRef = 4357C66F2E46451100AD4060 /* BitChatModel.xcdatamodeld */; };
		4391957C2E771BA300B1299B /* README.md in Sources */ = {isa = PBXBuildFile; fileRef = 4391957B2E771B9C00B1299B /* README.md */; };
		43E37D7B2E4229400001BC2B /* GoogleService-Info.plist in Resources */ = {isa = PBXBuildFile; fileRef = 43E37D7A2E4229400001BC2B /* GoogleService-Info.plist */; };
		43E37D7E2E422BC10001BC2B /* FirebaseAnalytics in Frameworks */ = {isa = PBXBuildFile; productRef = 43E37D7D2E422BC10001BC2B /* FirebaseAnalytics */; };
		43E37D802E422BC10001BC2B /* FirebaseAnalyticsCore in Frameworks */ = {isa = PBXBuildFile; productRef = 43E37D7F2E422BC10001BC2B /* FirebaseAnalyticsCore */; };
		43E37D822E422BC10001BC2B /* FirebaseAuth in Frameworks */ = {isa = PBXBuildFile; productRef = 43E37D812E422BC10001BC2B /* FirebaseAuth */; };
		43E37D842E422BC10001BC2B /* FirebaseCore in Frameworks */ = {isa = PBXBuildFile; productRef = 43E37D832E422BC10001BC2B /* FirebaseCore */; };
		43E37D862E422BC10001BC2B /* FirebaseFirestore in Frameworks */ = {isa = PBXBuildFile; productRef = 43E37D852E422BC10001BC2B /* FirebaseFirestore */; };
		43E37D882E422BC10001BC2B /* FirebaseMessaging in Frameworks */ = {isa = PBXBuildFile; productRef = 43E37D872E422BC10001BC2B /* FirebaseMessaging */; };
		43E37D8A2E422DE00001BC2B /* FirebaseFirestoreCombine-Community in Frameworks */ = {isa = PBXBuildFile; productRef = 43E37D892E422DE00001BC2B /* FirebaseFirestoreCombine-Community */; };
/* End PBXBuildFile section */

/* Begin PBXContainerItemProxy section */
		43E37D2E2E3E647E0001BC2B /* PBXContainerItemProxy */ = {
			isa = PBXContainerItemProxy;
			containerPortal = 43E37D182E3E647C0001BC2B /* Project object */;
			proxyType = 1;
			remoteGlobalIDString = 43E37D1F2E3E647C0001BC2B;
			remoteInfo = BitChat;
		};
		43E37D382E3E647E0001BC2B /* PBXContainerItemProxy */ = {
			isa = PBXContainerItemProxy;
			containerPortal = 43E37D182E3E647C0001BC2B /* Project object */;
			proxyType = 1;
			remoteGlobalIDString = 43E37D1F2E3E647C0001BC2B;
			remoteInfo = BitChat;
		};
/* End PBXContainerItemProxy section */

/* Begin PBXFileReference section */
		4357C6702E46451100AD4060 /* BitChatModel.xcdatamodel */ = {isa = PBXFileReference; lastKnownFileType = wrapper.xcdatamodel; path = BitChatModel.xcdatamodel; sourceTree = "<group>"; };
		4391957B2E771B9C00B1299B /* README.md */ = {isa = PBXFileReference; lastKnownFileType = net.daringfireball.markdown; path = README.md; sourceTree = "<group>"; };
		43E37D202E3E647C0001BC2B /* BitChat.app */ = {isa = PBXFileReference; explicitFileType = wrapper.application; includeInIndex = 0; path = BitChat.app; sourceTree = BUILT_PRODUCTS_DIR; };
		43E37D2D2E3E647E0001BC2B /* BitChatTests.xctest */ = {isa = PBXFileReference; explicitFileType = wrapper.cfbundle; includeInIndex = 0; path = BitChatTests.xctest; sourceTree = BUILT_PRODUCTS_DIR; };
		43E37D372E3E647E0001BC2B /* BitChatUITests.xctest */ = {isa = PBXFileReference; explicitFileType = wrapper.cfbundle; includeInIndex = 0; path = BitChatUITests.xctest; sourceTree = BUILT_PRODUCTS_DIR; };
		43E37D7A2E4229400001BC2B /* GoogleService-Info.plist */ = {isa = PBXFileReference; lastKnownFileType = text.plist.xml; path = "GoogleService-Info.plist"; sourceTree = "<group>"; };
/* End PBXFileReference section */

/* Begin PBXFileSystemSynchronizedRootGroup section */
		43E37D222E3E647C0001BC2B /* BitChat */ = {
			isa = PBXFileSystemSynchronizedRootGroup;
			path = BitChat;
			sourceTree = "<group>";
		};
		43E37D302E3E647E0001BC2B /* BitChatTests */ = {
			isa = PBXFileSystemSynchronizedRootGroup;
			path = BitChatTests;
			sourceTree = "<group>";
		};
		43E37D3A2E3E647E0001BC2B /* BitChatUITests */ = {
			isa = PBXFileSystemSynchronizedRootGroup;
			path = BitChatUITests;
			sourceTree = "<group>";
		};
/* End PBXFileSystemSynchronizedRootGroup section */

/* Begin PBXFrameworksBuildPhase section */
		43E37D1D2E3E647C0001BC2B /* Frameworks */ = {
			isa = PBXFrameworksBuildPhase;
			buildActionMask = 2147483647;
			files = (
				43E37D882E422BC10001BC2B /* FirebaseMessaging in Frameworks */,
				43E37D7E2E422BC10001BC2B /* FirebaseAnalytics in Frameworks */,
				43E37D822E422BC10001BC2B /* FirebaseAuth in Frameworks */,
				43E37D842E422BC10001BC2B /* FirebaseCore in Frameworks */,
				43E37D862E422BC10001BC2B /* FirebaseFirestore in Frameworks */,
				43E37D802E422BC10001BC2B /* FirebaseAnalyticsCore in Frameworks */,
				43E37D8A2E422DE00001BC2B /* FirebaseFirestoreCombine-Community in Frameworks */,
			);
			runOnlyForDeploymentPostprocessing = 0;
		};
		43E37D2A2E3E647E0001BC2B /* Frameworks */ = {
			isa = PBXFrameworksBuildPhase;
			buildActionMask = 2147483647;
			files = (
			);
			runOnlyForDeploymentPostprocessing = 0;
		};
		43E37D342E3E647E0001BC2B /* Frameworks */ = {
			isa = PBXFrameworksBuildPhase;
			buildActionMask = 2147483647;
			files = (
			);
			runOnlyForDeploymentPostprocessing = 0;
		};
/* End PBXFrameworksBuildPhase section */

/* Begin PBXGroup section */
		43E37D172E3E647C0001BC2B = {
			isa = PBXGroup;
			children = (
				4391957B2E771B9C00B1299B /* README.md */,
				4357C66F2E46451100AD4060 /* BitChatModel.xcdatamodeld */,
				43E37D7A2E4229400001BC2B /* GoogleService-Info.plist */,
				43E37D222E3E647C0001BC2B /* BitChat */,
				43E37D302E3E647E0001BC2B /* BitChatTests */,
				43E37D3A2E3E647E0001BC2B /* BitChatUITests */,
				43E37D212E3E647C0001BC2B /* Products */,
			);
			sourceTree = "<group>";
		};
		43E37D212E3E647C0001BC2B /* Products */ = {
			isa = PBXGroup;
			children = (
				43E37D202E3E647C0001BC2B /* BitChat.app */,
				43E37D2D2E3E647E0001BC2B /* BitChatTests.xctest */,
				43E37D372E3E647E0001BC2B /* BitChatUITests.xctest */,
			);
			name = Products;
			sourceTree = "<group>";
		};
/* End PBXGroup section */

/* Begin PBXNativeTarget section */
		43E37D1F2E3E647C0001BC2B /* BitChat */ = {
			isa = PBXNativeTarget;
			buildConfigurationList = 43E37D412E3E647E0001BC2B /* Build configuration list for PBXNativeTarget "BitChat" */;
			buildPhases = (
				43E37D1C2E3E647C0001BC2B /* Sources */,
				43E37D1D2E3E647C0001BC2B /* Frameworks */,
				43E37D1E2E3E647C0001BC2B /* Resources */,
			);
			buildRules = (
			);
			dependencies = (
			);
			fileSystemSynchronizedGroups = (
				43E37D222E3E647C0001BC2B /* BitChat */,
			);
			name = BitChat;
			packageProductDependencies = (
				43E37D7D2E422BC10001BC2B /* FirebaseAnalytics */,
				43E37D7F2E422BC10001BC2B /* FirebaseAnalyticsCore */,
				43E37D812E422BC10001BC2B /* FirebaseAuth */,
				43E37D832E422BC10001BC2B /* FirebaseCore */,
				43E37D852E422BC10001BC2B /* FirebaseFirestore */,
				43E37D872E422BC10001BC2B /* FirebaseMessaging */,
				43E37D892E422DE00001BC2B /* FirebaseFirestoreCombine-Community */,
			);
			productName = BitChat;
			productReference = 43E37D202E3E647C0001BC2B /* BitChat.app */;
			productType = "com.apple.product-type.application";
		};
		43E37D2C2E3E647E0001BC2B /* BitChatTests */ = {
			isa = PBXNativeTarget;
			buildConfigurationList = 43E37D442E3E647E0001BC2B /* Build configuration list for PBXNativeTarget "BitChatTests" */;
			buildPhases = (
				43E37D292E3E647E0001BC2B /* Sources */,
				43E37D2A2E3E647E0001BC2B /* Frameworks */,
				43E37D2B2E3E647E0001BC2B /* Resources */,
			);
			buildRules = (
			);
			dependencies = (
				43E37D2F2E3E647E0001BC2B /* PBXTargetDependency */,
			);
			fileSystemSynchronizedGroups = (
				43E37D302E3E647E0001BC2B /* BitChatTests */,
			);
			name = BitChatTests;
			packageProductDependencies = (
			);
			productName = BitChatTests;
			productReference = 43E37D2D2E3E647E0001BC2B /* BitChatTests.xctest */;
			productType = "com.apple.product-type.bundle.unit-test";
		};
		43E37D362E3E647E0001BC2B /* BitChatUITests */ = {
			isa = PBXNativeTarget;
			buildConfigurationList = 43E37D472E3E647E0001BC2B /* Build configuration list for PBXNativeTarget "BitChatUITests" */;
			buildPhases = (
				43E37D332E3E647E0001BC2B /* Sources */,
				43E37D342E3E647E0001BC2B /* Frameworks */,
				43E37D352E3E647E0001BC2B /* Resources */,
			);
			buildRules = (
			);
			dependencies = (
				43E37D392E3E647E0001BC2B /* PBXTargetDependency */,
			);
			fileSystemSynchronizedGroups = (
				43E37D3A2E3E647E0001BC2B /* BitChatUITests */,
			);
			name = BitChatUITests;
			packageProductDependencies = (
			);
			productName = BitChatUITests;
			productReference = 43E37D372E3E647E0001BC2B /* BitChatUITests.xctest */;
			productType = "com.apple.product-type.bundle.ui-testing";
		};
/* End PBXNativeTarget section */

/* Begin PBXProject section */
		43E37D182E3E647C0001BC2B /* Project object */ = {
			isa = PBXProject;
			attributes = {
				BuildIndependentTargetsInParallel = 1;
				LastSwiftUpdateCheck = 1640;
				LastUpgradeCheck = 1640;
				TargetAttributes = {
					43E37D1F2E3E647C0001BC2B = {
						CreatedOnToolsVersion = 16.4;
					};
					43E37D2C2E3E647E0001BC2B = {
						CreatedOnToolsVersion = 16.4;
						TestTargetID = 43E37D1F2E3E647C0001BC2B;
					};
					43E37D362E3E647E0001BC2B = {
						CreatedOnToolsVersion = 16.4;
						TestTargetID = 43E37D1F2E3E647C0001BC2B;
					};
				};
			};
			buildConfigurationList = 43E37D1B2E3E647C0001BC2B /* Build configuration list for PBXProject "BitChat" */;
			developmentRegion = en;
			hasScannedForEncodings = 0;
			knownRegions = (
				en,
				Base,
			);
			mainGroup = 43E37D172E3E647C0001BC2B;
			minimizedProjectReferenceProxies = 1;
			packageReferences = (
				43E37D7C2E422BC10001BC2B /* XCRemoteSwiftPackageReference "firebase-ios-sdk" */,
			);
			preferredProjectObjectVersion = 77;
			productRefGroup = 43E37D212E3E647C0001BC2B /* Products */;
			projectDirPath = "";
			projectRoot = "";
			targets = (
				43E37D1F2E3E647C0001BC2B /* BitChat */,
				43E37D2C2E3E647E0001BC2B /* BitChatTests */,
				43E37D362E3E647E0001BC2B /* BitChatUITests */,
			);
		};
/* End PBXProject section */

/* Begin PBXResourcesBuildPhase section */
		43E37D1E2E3E647C0001BC2B /* Resources */ = {
			isa = PBXResourcesBuildPhase;
			buildActionMask = 2147483647;
			files = (
				43E37D7B2E4229400001BC2B /* GoogleService-Info.plist in Resources */,
			);
			runOnlyForDeploymentPostprocessing = 0;
		};
		43E37D2B2E3E647E0001BC2B /* Resources */ = {
			isa = PBXResourcesBuildPhase;
			buildActionMask = 2147483647;
			files = (
			);
			runOnlyForDeploymentPostprocessing = 0;
		};
		43E37D352E3E647E0001BC2B /* Resources */ = {
			isa = PBXResourcesBuildPhase;
			buildActionMask = 2147483647;
			files = (
			);
			runOnlyForDeploymentPostprocessing = 0;
		};
/* End PBXResourcesBuildPhase section */

/* Begin PBXSourcesBuildPhase section */
		43E37D1C2E3E647C0001BC2B /* Sources */ = {
			isa = PBXSourcesBuildPhase;
			buildActionMask = 2147483647;
			files = (
				4391957C2E771BA300B1299B /* README.md in Sources */,
				4357C6712E46451100AD4060 /* BitChatModel.xcdatamodeld in Sources */,
			);
			runOnlyForDeploymentPostprocessing = 0;
		};
		43E37D292E3E647E0001BC2B /* Sources */ = {
			isa = PBXSourcesBuildPhase;
			buildActionMask = 2147483647;
			files = (
			);
			runOnlyForDeploymentPostprocessing = 0;
		};
		43E37D332E3E647E0001BC2B /* Sources */ = {
			isa = PBXSourcesBuildPhase;
			buildActionMask = 2147483647;
			files = (
			);
			runOnlyForDeploymentPostprocessing = 0;
		};
/* End PBXSourcesBuildPhase section */

/* Begin PBXTargetDependency section */
		43E37D2F2E3E647E0001BC2B /* PBXTargetDependency */ = {
			isa = PBXTargetDependency;
			target = 43E37D1F2E3E647C0001BC2B /* BitChat */;
			targetProxy = 43E37D2E2E3E647E0001BC2B /* PBXContainerItemProxy */;
		};
		43E37D392E3E647E0001BC2B /* PBXTargetDependency */ = {
			isa = PBXTargetDependency;
			target = 43E37D1F2E3E647C0001BC2B /* BitChat */;
			targetProxy = 43E37D382E3E647E0001BC2B /* PBXContainerItemProxy */;
		};
/* End PBXTargetDependency section */

/* Begin XCBuildConfiguration section */
		43E37D3F2E3E647E0001BC2B /* Debug */ = {
			isa = XCBuildConfiguration;
			buildSettings = {
				ALWAYS_SEARCH_USER_PATHS = NO;
				ASSETCATALOG_COMPILER_GENERATE_SWIFT_ASSET_SYMBOL_EXTENSIONS = YES;
				CLANG_ANALYZER_NONNULL = YES;
				CLANG_ANALYZER_NUMBER_OBJECT_CONVERSION = YES_AGGRESSIVE;
				CLANG_CXX_LANGUAGE_STANDARD = "gnu++20";
				CLANG_ENABLE_MODULES = YES;
				CLANG_ENABLE_OBJC_ARC = YES;
				CLANG_ENABLE_OBJC_WEAK = YES;
				CLANG_WARN_BLOCK_CAPTURE_AUTORELEASING = YES;
				CLANG_WARN_BOOL_CONVERSION = YES;
				CLANG_WARN_COMMA = YES;
				CLANG_WARN_CONSTANT_CONVERSION = YES;
				CLANG_WARN_DEPRECATED_OBJC_IMPLEMENTATIONS = YES;
				CLANG_WARN_DIRECT_OBJC_ISA_USAGE = YES_ERROR;
				CLANG_WARN_DOCUMENTATION_COMMENTS = YES;
				CLANG_WARN_EMPTY_BODY = YES;
				CLANG_WARN_ENUM_CONVERSION = YES;
				CLANG_WARN_INFINITE_RECURSION = YES;
				CLANG_WARN_INT_CONVERSION = YES;
				CLANG_WARN_NON_LITERAL_NULL_CONVERSION = YES;
				CLANG_WARN_OBJC_IMPLICIT_RETAIN_SELF = YES;
				CLANG_WARN_OBJC_LITERAL_CONVERSION = YES;
				CLANG_WARN_OBJC_ROOT_CLASS = YES_ERROR;
				CLANG_WARN_QUOTED_INCLUDE_IN_FRAMEWORK_HEADER = YES;
				CLANG_WARN_RANGE_LOOP_ANALYSIS = YES;
				CLANG_WARN_STRICT_PROTOTYPES = YES;
				CLANG_WARN_SUSPICIOUS_MOVE = YES;
				CLANG_WARN_UNGUARDED_AVAILABILITY = YES_AGGRESSIVE;
				CLANG_WARN_UNREACHABLE_CODE = YES;
				CLANG_WARN__DUPLICATE_METHOD_MATCH = YES;
				COPY_PHASE_STRIP = NO;
				DEBUG_INFORMATION_FORMAT = dwarf;
				ENABLE_STRICT_OBJC_MSGSEND = YES;
				ENABLE_TESTABILITY = YES;
				ENABLE_USER_SCRIPT_SANDBOXING = YES;
				GCC_C_LANGUAGE_STANDARD = gnu17;
				GCC_DYNAMIC_NO_PIC = NO;
				GCC_NO_COMMON_BLOCKS = YES;
				GCC_OPTIMIZATION_LEVEL = 0;
				GCC_PREPROCESSOR_DEFINITIONS = (
					"DEBUG=1",
					"$(inherited)",
				);
				GCC_WARN_64_TO_32_BIT_CONVERSION = YES;
				GCC_WARN_ABOUT_RETURN_TYPE = YES_ERROR;
				GCC_WARN_UNDECLARED_SELECTOR = YES;
				GCC_WARN_UNINITIALIZED_AUTOS = YES_AGGRESSIVE;
				GCC_WARN_UNUSED_FUNCTION = YES;
				GCC_WARN_UNUSED_VARIABLE = YES;
				IPHONEOS_DEPLOYMENT_TARGET = 18.5;
				LOCALIZATION_PREFERS_STRING_CATALOGS = YES;
				MTL_ENABLE_DEBUG_INFO = INCLUDE_SOURCE;
				MTL_FAST_MATH = YES;
				ONLY_ACTIVE_ARCH = YES;
				SDKROOT = iphoneos;
				SWIFT_ACTIVE_COMPILATION_CONDITIONS = "DEBUG $(inherited)";
				SWIFT_OPTIMIZATION_LEVEL = "-Onone";
			};
			name = Debug;
		};
		43E37D402E3E647E0001BC2B /* Release */ = {
			isa = XCBuildConfiguration;
			buildSettings = {
				ALWAYS_SEARCH_USER_PATHS = NO;
				ASSETCATALOG_COMPILER_GENERATE_SWIFT_ASSET_SYMBOL_EXTENSIONS = YES;
				CLANG_ANALYZER_NONNULL = YES;
				CLANG_ANALYZER_NUMBER_OBJECT_CONVERSION = YES_AGGRESSIVE;
				CLANG_CXX_LANGUAGE_STANDARD = "gnu++20";
				CLANG_ENABLE_MODULES = YES;
				CLANG_ENABLE_OBJC_ARC = YES;
				CLANG_ENABLE_OBJC_WEAK = YES;
				CLANG_WARN_BLOCK_CAPTURE_AUTORELEASING = YES;
				CLANG_WARN_BOOL_CONVERSION = YES;
				CLANG_WARN_COMMA = YES;
				CLANG_WARN_CONSTANT_CONVERSION = YES;
				CLANG_WARN_DEPRECATED_OBJC_IMPLEMENTATIONS = YES;
				CLANG_WARN_DIRECT_OBJC_ISA_USAGE = YES_ERROR;
				CLANG_WARN_DOCUMENTATION_COMMENTS = YES;
				CLANG_WARN_EMPTY_BODY = YES;
				CLANG_WARN_ENUM_CONVERSION = YES;
				CLANG_WARN_INFINITE_RECURSION = YES;
				CLANG_WARN_INT_CONVERSION = YES;
				CLANG_WARN_NON_LITERAL_NULL_CONVERSION = YES;
				CLANG_WARN_OBJC_IMPLICIT_RETAIN_SELF = YES;
				CLANG_WARN_OBJC_LITERAL_CONVERSION = YES;
				CLANG_WARN_OBJC_ROOT_CLASS = YES_ERROR;
				CLANG_WARN_QUOTED_INCLUDE_IN_FRAMEWORK_HEADER = YES;
				CLANG_WARN_RANGE_LOOP_ANALYSIS = YES;
				CLANG_WARN_STRICT_PROTOTYPES = YES;
				CLANG_WARN_SUSPICIOUS_MOVE = YES;
				CLANG_WARN_UNGUARDED_AVAILABILITY = YES_AGGRESSIVE;
				CLANG_WARN_UNREACHABLE_CODE = YES;
				CLANG_WARN__DUPLICATE_METHOD_MATCH = YES;
				COPY_PHASE_STRIP = NO;
				DEBUG_INFORMATION_FORMAT = "dwarf-with-dsym";
				ENABLE_NS_ASSERTIONS = NO;
				ENABLE_STRICT_OBJC_MSGSEND = YES;
				ENABLE_USER_SCRIPT_SANDBOXING = YES;
				GCC_C_LANGUAGE_STANDARD = gnu17;
				GCC_NO_COMMON_BLOCKS = YES;
				GCC_WARN_64_TO_32_BIT_CONVERSION = YES;
				GCC_WARN_ABOUT_RETURN_TYPE = YES_ERROR;
				GCC_WARN_UNDECLARED_SELECTOR = YES;
				GCC_WARN_UNINITIALIZED_AUTOS = YES_AGGRESSIVE;
				GCC_WARN_UNUSED_FUNCTION = YES;
				GCC_WARN_UNUSED_VARIABLE = YES;
				IPHONEOS_DEPLOYMENT_TARGET = 18.5;
				LOCALIZATION_PREFERS_STRING_CATALOGS = YES;
				MTL_ENABLE_DEBUG_INFO = NO;
				MTL_FAST_MATH = YES;
				SDKROOT = iphoneos;
				SWIFT_COMPILATION_MODE = wholemodule;
				VALIDATE_PRODUCT = YES;
			};
			name = Release;
		};
		43E37D422E3E647E0001BC2B /* Debug */ = {
			isa = XCBuildConfiguration;
			buildSettings = {
				ASSETCATALOG_COMPILER_APPICON_NAME = AppIcon;
				ASSETCATALOG_COMPILER_GLOBAL_ACCENT_COLOR_NAME = AccentColor;
				CODE_SIGN_STYLE = Automatic;
				CURRENT_PROJECT_VERSION = 1;
				DEVELOPMENT_TEAM = MVH7Z762PX;
				ENABLE_PREVIEWS = YES;
				GENERATE_INFOPLIST_FILE = YES;
				INFOPLIST_KEY_UIApplicationSceneManifest_Generation = YES;
				INFOPLIST_KEY_UIApplicationSupportsIndirectInputEvents = YES;
				INFOPLIST_KEY_UILaunchScreen_Generation = YES;
				INFOPLIST_KEY_UISupportedInterfaceOrientations_iPad = "UIInterfaceOrientationPortrait UIInterfaceOrientationPortraitUpsideDown UIInterfaceOrientationLandscapeLeft UIInterfaceOrientationLandscapeRight";
				INFOPLIST_KEY_UISupportedInterfaceOrientations_iPhone = "UIInterfaceOrientationPortrait UIInterfaceOrientationLandscapeLeft UIInterfaceOrientationLandscapeRight";
				LD_RUNPATH_SEARCH_PATHS = (
					"$(inherited)",
					"@executable_path/Frameworks",
				);
				MARKETING_VERSION = 1.0;
				PRODUCT_BUNDLE_IDENTIFIER = com.swift.BitChat;
				PRODUCT_NAME = "$(TARGET_NAME)";
				SWIFT_EMIT_LOC_STRINGS = YES;
				SWIFT_VERSION = 5.0;
				TARGETED_DEVICE_FAMILY = "1,2";
			};
			name = Debug;
		};
		43E37D432E3E647E0001BC2B /* Release */ = {
			isa = XCBuildConfiguration;
			buildSettings = {
				ASSETCATALOG_COMPILER_APPICON_NAME = AppIcon;
				ASSETCATALOG_COMPILER_GLOBAL_ACCENT_COLOR_NAME = AccentColor;
				CODE_SIGN_STYLE = Automatic;
				CURRENT_PROJECT_VERSION = 1;
				DEVELOPMENT_TEAM = MVH7Z762PX;
				ENABLE_PREVIEWS = YES;
				GENERATE_INFOPLIST_FILE = YES;
				INFOPLIST_KEY_UIApplicationSceneManifest_Generation = YES;
				INFOPLIST_KEY_UIApplicationSupportsIndirectInputEvents = YES;
				INFOPLIST_KEY_UILaunchScreen_Generation = YES;
				INFOPLIST_KEY_UISupportedInterfaceOrientations_iPad = "UIInterfaceOrientationPortrait UIInterfaceOrientationPortraitUpsideDown UIInterfaceOrientationLandscapeLeft UIInterfaceOrientationLandscapeRight";
				INFOPLIST_KEY_UISupportedInterfaceOrientations_iPhone = "UIInterfaceOrientationPortrait UIInterfaceOrientationLandscapeLeft UIInterfaceOrientationLandscapeRight";
				LD_RUNPATH_SEARCH_PATHS = (
					"$(inherited)",
					"@executable_path/Frameworks",
				);
				MARKETING_VERSION = 1.0;
				PRODUCT_BUNDLE_IDENTIFIER = com.swift.BitChat;
				PRODUCT_NAME = "$(TARGET_NAME)";
				SWIFT_EMIT_LOC_STRINGS = YES;
				SWIFT_VERSION = 5.0;
				TARGETED_DEVICE_FAMILY = "1,2";
			};
			name = Release;
		};
		43E37D452E3E647E0001BC2B /* Debug */ = {
			isa = XCBuildConfiguration;
			buildSettings = {
				BUNDLE_LOADER = "$(TEST_HOST)";
				CODE_SIGN_STYLE = Automatic;
				CURRENT_PROJECT_VERSION = 1;
				GENERATE_INFOPLIST_FILE = YES;
				IPHONEOS_DEPLOYMENT_TARGET = 18.5;
				MARKETING_VERSION = 1.0;
				PRODUCT_BUNDLE_IDENTIFIER = com.swift.BitChatTests;
				PRODUCT_NAME = "$(TARGET_NAME)";
				SWIFT_EMIT_LOC_STRINGS = NO;
				SWIFT_VERSION = 5.0;
				TARGETED_DEVICE_FAMILY = "1,2";
				TEST_HOST = "$(BUILT_PRODUCTS_DIR)/BitChat.app/$(BUNDLE_EXECUTABLE_FOLDER_PATH)/BitChat";
			};
			name = Debug;
		};
		43E37D462E3E647E0001BC2B /* Release */ = {
			isa = XCBuildConfiguration;
			buildSettings = {
				BUNDLE_LOADER = "$(TEST_HOST)";
				CODE_SIGN_STYLE = Automatic;
				CURRENT_PROJECT_VERSION = 1;
				GENERATE_INFOPLIST_FILE = YES;
				IPHONEOS_DEPLOYMENT_TARGET = 18.5;
				MARKETING_VERSION = 1.0;
				PRODUCT_BUNDLE_IDENTIFIER = com.swift.BitChatTests;
				PRODUCT_NAME = "$(TARGET_NAME)";
				SWIFT_EMIT_LOC_STRINGS = NO;
				SWIFT_VERSION = 5.0;
				TARGETED_DEVICE_FAMILY = "1,2";
				TEST_HOST = "$(BUILT_PRODUCTS_DIR)/BitChat.app/$(BUNDLE_EXECUTABLE_FOLDER_PATH)/BitChat";
			};
			name = Release;
		};
		43E37D482E3E647E0001BC2B /* Debug */ = {
			isa = XCBuildConfiguration;
			buildSettings = {
				CODE_SIGN_STYLE = Automatic;
				CURRENT_PROJECT_VERSION = 1;
				GENERATE_INFOPLIST_FILE = YES;
				MARKETING_VERSION = 1.0;
				PRODUCT_BUNDLE_IDENTIFIER = com.swift.BitChatUITests;
				PRODUCT_NAME = "$(TARGET_NAME)";
				SWIFT_EMIT_LOC_STRINGS = NO;
				SWIFT_VERSION = 5.0;
				TARGETED_DEVICE_FAMILY = "1,2";
				TEST_TARGET_NAME = BitChat;
			};
			name = Debug;
		};
		43E37D492E3E647E0001BC2B /* Release */ = {
			isa = XCBuildConfiguration;
			buildSettings = {
				CODE_SIGN_STYLE = Automatic;
				CURRENT_PROJECT_VERSION = 1;
				GENERATE_INFOPLIST_FILE = YES;
				MARKETING_VERSION = 1.0;
				PRODUCT_BUNDLE_IDENTIFIER = com.swift.BitChatUITests;
				PRODUCT_NAME = "$(TARGET_NAME)";
				SWIFT_EMIT_LOC_STRINGS = NO;
				SWIFT_VERSION = 5.0;
				TARGETED_DEVICE_FAMILY = "1,2";
				TEST_TARGET_NAME = BitChat;
			};
			name = Release;
		};
/* End XCBuildConfiguration section */

/* Begin XCConfigurationList section */
		43E37D1B2E3E647C0001BC2B /* Build configuration list for PBXProject "BitChat" */ = {
			isa = XCConfigurationList;
			buildConfigurations = (
				43E37D3F2E3E647E0001BC2B /* Debug */,
				43E37D402E3E647E0001BC2B /* Release */,
			);
			defaultConfigurationIsVisible = 0;
			defaultConfigurationName = Release;
		};
		43E37D412E3E647E0001BC2B /* Build configuration list for PBXNativeTarget "BitChat" */ = {
			isa = XCConfigurationList;
			buildConfigurations = (
				43E37D422E3E647E0001BC2B /* Debug */,
				43E37D432E3E647E0001BC2B /* Release */,
			);
			defaultConfigurationIsVisible = 0;
			defaultConfigurationName = Release;
		};
		43E37D442E3E647E0001BC2B /* Build configuration list for PBXNativeTarget "BitChatTests" */ = {
			isa = XCConfigurationList;
			buildConfigurations = (
				43E37D452E3E647E0001BC2B /* Debug */,
				43E37D462E3E647E0001BC2B /* Release */,
			);
			defaultConfigurationIsVisible = 0;
			defaultConfigurationName = Release;
		};
		43E37D472E3E647E0001BC2B /* Build configuration list for PBXNativeTarget "BitChatUITests" */ = {
			isa = XCConfigurationList;
			buildConfigurations = (
				43E37D482E3E647E0001BC2B /* Debug */,
				43E37D492E3E647E0001BC2B /* Release */,
			);
			defaultConfigurationIsVisible = 0;
			defaultConfigurationName = Release;
		};
/* End XCConfigurationList section */

/* Begin XCRemoteSwiftPackageReference section */
		43E37D7C2E422BC10001BC2B /* XCRemoteSwiftPackageReference "firebase-ios-sdk" */ = {
			isa = XCRemoteSwiftPackageReference;
			repositoryURL = "https://github.com/firebase/firebase-ios-sdk";
			requirement = {
				kind = upToNextMajorVersion;
				minimumVersion = 12.1.0;
			};
		};
/* End XCRemoteSwiftPackageReference section */

/* Begin XCSwiftPackageProductDependency section */
		43E37D7D2E422BC10001BC2B /* FirebaseAnalytics */ = {
			isa = XCSwiftPackageProductDependency;
			package = 43E37D7C2E422BC10001BC2B /* XCRemoteSwiftPackageReference "firebase-ios-sdk" */;
			productName = FirebaseAnalytics;
		};
		43E37D7F2E422BC10001BC2B /* FirebaseAnalyticsCore */ = {
			isa = XCSwiftPackageProductDependency;
			package = 43E37D7C2E422BC10001BC2B /* XCRemoteSwiftPackageReference "firebase-ios-sdk" */;
			productName = FirebaseAnalyticsCore;
		};
		43E37D812E422BC10001BC2B /* FirebaseAuth */ = {
			isa = XCSwiftPackageProductDependency;
			package = 43E37D7C2E422BC10001BC2B /* XCRemoteSwiftPackageReference "firebase-ios-sdk" */;
			productName = FirebaseAuth;
		};
		43E37D832E422BC10001BC2B /* FirebaseCore */ = {
			isa = XCSwiftPackageProductDependency;
			package = 43E37D7C2E422BC10001BC2B /* XCRemoteSwiftPackageReference "firebase-ios-sdk" */;
			productName = FirebaseCore;
		};
		43E37D852E422BC10001BC2B /* FirebaseFirestore */ = {
			isa = XCSwiftPackageProductDependency;
			package = 43E37D7C2E422BC10001BC2B /* XCRemoteSwiftPackageReference "firebase-ios-sdk" */;
			productName = FirebaseFirestore;
		};
		43E37D872E422BC10001BC2B /* FirebaseMessaging */ = {
			isa = XCSwiftPackageProductDependency;
			package = 43E37D7C2E422BC10001BC2B /* XCRemoteSwiftPackageReference "firebase-ios-sdk" */;
			productName = FirebaseMessaging;
		};
		43E37D892E422DE00001BC2B /* FirebaseFirestoreCombine-Community */ = {
			isa = XCSwiftPackageProductDependency;
			package = 43E37D7C2E422BC10001BC2B /* XCRemoteSwiftPackageReference "firebase-ios-sdk" */;
			productName = "FirebaseFirestoreCombine-Community";
		};
/* End XCSwiftPackageProductDependency section */

/* Begin XCVersionGroup section */
		4357C66F2E46451100AD4060 /* BitChatModel.xcdatamodeld */ = {
			isa = XCVersionGroup;
			children = (
				4357C6702E46451100AD4060 /* BitChatModel.xcdatamodel */,
			);
			currentVersion = 4357C6702E46451100AD4060 /* BitChatModel.xcdatamodel */;
			path = BitChatModel.xcdatamodeld;
			sourceTree = "<group>";
			versionGroupType = wrapper.xcdatamodel;
		};
/* End XCVersionGroup section */
	};
	rootObject = 43E37D182E3E647C0001BC2B /* Project object */;
}
